Microsoft Visual Studio Solution File, Format Version 12.00
# Visual Studio Version 17
VisualStudioVersion = 17.5.2.0
MinimumVisualStudioVersion = 10.0.40219.1
Project("{FAE04EC0-301F-11D3-BF4B-00C04F79EFBC}") = "DentaPlan", "DentaPlan.csproj", "{CEC7D83D-C357-272D-EFDF-72588A2DFC6C}"
EndProject
Global
	GlobalSection(SolutionConfigurationPlatforms) = preSolution
		Debug|Any CPU = Debug|Any CPU
		Release|Any CPU = Release|Any CPU
	EndGlobalSection
	GlobalSection(ProjectConfigurationPlatforms) = postSolution
		{CEC7D83D-C357-272D-EFDF-72588A2DFC6C}.Debug|Any CPU.ActiveCfg = Debug|Any CPU
		{CEC7D83D-C357-272D-EFDF-72588A2DFC6C}.Debug|Any CPU.Build.0 = Debug|Any CPU
		{CEC7D83D-C357-272D-EFDF-72588A2DFC6C}.Release|Any CPU.ActiveCfg = Release|Any CPU
		{CEC7D83D-C357-272D-EFDF-72588A2DFC6C}.Release|Any CPU.Build.0 = Release|Any CPU
	EndGlobalSection
	GlobalSection(SolutionProperties) = preSolution
		HideSolutionNode = FALSE
	EndGlobalSection
	GlobalSection(ExtensibilityGlobals) = postSolution
		SolutionGuid = {069B750D-F5CF-4519-A339-EDF079F46108}
	EndGlobalSection
EndGlobal
