
Microsoft Visual Studio Solution File, Format Version 12.00
# Visual Studio Version 17
VisualStudioVersion = 17.13.35806.99
MinimumVisualStudioVersion = 10.0.40219.1
Project("{FAE04EC0-301F-11D3-BF4B-00C04F79EFBC}") = "DentaPlan", "DentaPlan\DentaPlan.csproj", "{B78427DA-D5E2-4B7C-BEA8-F2A33908893D}"
EndProject
Project("{FAE04EC0-301F-11D3-BF4B-00C04F79EFBC}") = "DentaPlan.Tests", "DentaPlan.Tests\DentaPlan.Tests.csproj", "{733B4678-3BBC-4EB6-A3E7-37FD27B4386F}"
EndProject
Global
	GlobalSection(SolutionConfigurationPlatforms) = preSolution
		Debug|Any CPU = Debug|Any CPU
		Release|Any CPU = Release|Any CPU
	EndGlobalSection
	GlobalSection(ProjectConfigurationPlatforms) = postSolution
		{B78427DA-D5E2-4B7C-BEA8-F2A33908893D}.Debug|Any CPU.ActiveCfg = Debug|Any CPU
		{B78427DA-D5E2-4B7C-BEA8-F2A33908893D}.Debug|Any CPU.Build.0 = Debug|Any CPU
		{B78427DA-D5E2-4B7C-BEA8-F2A33908893D}.Release|Any CPU.ActiveCfg = Release|Any CPU
		{B78427DA-D5E2-4B7C-BEA8-F2A33908893D}.Release|Any CPU.Build.0 = Release|Any CPU
		{733B4678-3BBC-4EB6-A3E7-37FD27B4386F}.Debug|Any CPU.ActiveCfg = Debug|Any CPU
		{733B4678-3BBC-4EB6-A3E7-37FD27B4386F}.Debug|Any CPU.Build.0 = Debug|Any CPU
		{733B4678-3BBC-4EB6-A3E7-37FD27B4386F}.Release|Any CPU.ActiveCfg = Release|Any CPU
		{733B4678-3BBC-4EB6-A3E7-37FD27B4386F}.Release|Any CPU.Build.0 = Release|Any CPU
	EndGlobalSection
	GlobalSection(SolutionProperties) = preSolution
		HideSolutionNode = FALSE
	EndGlobalSection
	GlobalSection(ExtensibilityGlobals) = postSolution
		SolutionGuid = {C8E8EBD5-53A5-4A3B-ABBD-B3D2172D02F0}
	EndGlobalSection
EndGlobal
